
Microsoft Visual Studio Solution File, Format Version 12.00
# Visual Studio Version 17
VisualStudioVersion = 17.7.34031.279
MinimumVisualStudioVersion = 10.0.40219.1
Project("{8BC9CEB8-8B4A-11D0-8D11-00A0C91BC942}") = "4-mov-xchg", "4-mov-xchg\4-mov-xchg.vcxproj", "{AFBA4325-7ACC-46D4-989A-CCC475E51CA9}"
EndProject
Project("{8BC9CEB8-8B4A-11D0-8D11-00A0C91BC942}") = "4-add-sub", "4-add-sub\4-add-sub.vcxproj", "{DD0C2E57-3AD1-4444-88E8-8151F582C59F}"
EndProject
Project("{8BC9CEB8-8B4A-11D0-8D11-00A0C91BC942}") = "4-mul-div", "4-mul-div\4-mul-div.vcxproj", "{5D9670A3-8FD7-463C-83A4-BDD95ECC3977}"
EndProject
Project("{8BC9CEB8-8B4A-11D0-8D11-00A0C91BC942}") = "4-addressing", "4-addressing\4-addressing.vcxproj", "{ADCE6C4E-C2C4-40BC-B12D-CCB9F9520EB3}"
EndProject
Project("{8BC9CEB8-8B4A-11D0-8D11-00A0C91BC942}") = "5-branch-if-elseif-else", "5-branch-if-elseif-else\5-branch-if-elseif-else.vcxproj", "{F2F54CE0-BE45-4ED0-B5D0-6CEE76AEDF72}"
EndProject
Global
	GlobalSection(SolutionConfigurationPlatforms) = preSolution
		Debug|x64 = Debug|x64
	EndGlobalSection
	GlobalSection(ProjectConfigurationPlatforms) = postSolution
		{AFBA4325-7ACC-46D4-989A-CCC475E51CA9}.Debug|x64.ActiveCfg = Debug|x64
		{AFBA4325-7ACC-46D4-989A-CCC475E51CA9}.Debug|x64.Build.0 = Debug|x64
		{DD0C2E57-3AD1-4444-88E8-8151F582C59F}.Debug|x64.ActiveCfg = Debug|x64
		{DD0C2E57-3AD1-4444-88E8-8151F582C59F}.Debug|x64.Build.0 = Debug|x64
		{5D9670A3-8FD7-463C-83A4-BDD95ECC3977}.Debug|x64.ActiveCfg = Debug|x64
		{5D9670A3-8FD7-463C-83A4-BDD95ECC3977}.Debug|x64.Build.0 = Debug|x64
		{ADCE6C4E-C2C4-40BC-B12D-CCB9F9520EB3}.Debug|x64.ActiveCfg = Debug|x64
		{ADCE6C4E-C2C4-40BC-B12D-CCB9F9520EB3}.Debug|x64.Build.0 = Debug|x64
		{F2F54CE0-BE45-4ED0-B5D0-6CEE76AEDF72}.Debug|x64.ActiveCfg = Debug|x64
		{F2F54CE0-BE45-4ED0-B5D0-6CEE76AEDF72}.Debug|x64.Build.0 = Debug|x64
	EndGlobalSection
	GlobalSection(SolutionProperties) = preSolution
		HideSolutionNode = FALSE
	EndGlobalSection
	GlobalSection(ExtensibilityGlobals) = postSolution
		SolutionGuid = {367F3EDE-44DE-49CD-A2C9-CF89EB0F128C}
	EndGlobalSection
EndGlobal
