
Microsoft Visual Studio Solution File, Format Version 12.00
# Visual Studio Version 17
VisualStudioVersion = 17.7.34031.279
MinimumVisualStudioVersion = 10.0.40219.1
Project("{8BC9CEB8-8B4A-11D0-8D11-00A0C91BC942}") = "4-mov-xchg", "4-mov-xchg\4-mov-xchg.vcxproj", "{AFBA4325-7ACC-46D4-989A-CCC475E51CA9}"
EndProject
Global
	GlobalSection(SolutionConfigurationPlatforms) = preSolution
		Debug|x64 = Debug|x64
	EndGlobalSection
	GlobalSection(ProjectConfigurationPlatforms) = postSolution
		{AFBA4325-7ACC-46D4-989A-CCC475E51CA9}.Debug|x64.ActiveCfg = Debug|x64
		{AFBA4325-7ACC-46D4-989A-CCC475E51CA9}.Debug|x64.Build.0 = Debug|x64
	EndGlobalSection
	GlobalSection(SolutionProperties) = preSolution
		HideSolutionNode = FALSE
	EndGlobalSection
	GlobalSection(ExtensibilityGlobals) = postSolution
		SolutionGuid = {367F3EDE-44DE-49CD-A2C9-CF89EB0F128C}
	EndGlobalSection
EndGlobal
